
Microsoft Visual Studio Solution File, Format Version 12.00
# Visual Studio Version 17
VisualStudioVersion = 17.4.33110.190
MinimumVisualStudioVersion = 10.0.40219.1
Project("{FAE04EC0-301F-11D3-BF4B-00C04F79EFBC}") = "RuneScapeHiScores", "RuneScapeHiScores\RuneScapeHiScores.csproj", "{E490EE72-FA60-43B6-AD2E-D38453FEA2D0}"
EndProject
Global
	GlobalSection(SolutionConfigurationPlatforms) = preSolution
		Debug|Any CPU = Debug|Any CPU
		Release|Any CPU = Release|Any CPU
	EndGlobalSection
	GlobalSection(ProjectConfigurationPlatforms) = postSolution
		{E490EE72-FA60-43B6-AD2E-D38453FEA2D0}.Debug|Any CPU.ActiveCfg = Debug|Any CPU
		{E490EE72-FA60-43B6-AD2E-D38453FEA2D0}.Debug|Any CPU.Build.0 = Debug|Any CPU
		{E490EE72-FA60-43B6-AD2E-D38453FEA2D0}.Release|Any CPU.ActiveCfg = Release|Any CPU
		{E490EE72-FA60-43B6-AD2E-D38453FEA2D0}.Release|Any CPU.Build.0 = Release|Any CPU
	EndGlobalSection
	GlobalSection(SolutionProperties) = preSolution
		HideSolutionNode = FALSE
	EndGlobalSection
	GlobalSection(ExtensibilityGlobals) = postSolution
		SolutionGuid = {A3E6BCE2-AEE3-4FB8-BD95-B88FC030D829}
	EndGlobalSection
EndGlobal
